
Microsoft Visual Studio Solution File, Format Version 12.00
Project("{FAE04EC0-301F-11D3-BF4B-00C04F79EFBC}") = "CRUD", "CRUD.csproj", "{0D90B1C4-6B0C-4BE0-9C86-BA5FAE4A67EE}"
EndProject
Global
	GlobalSection(SolutionConfigurationPlatforms) = preSolution
		Debug|Any CPU = Debug|Any CPU
		Release|Any CPU = Release|Any CPU
	EndGlobalSection
	GlobalSection(ProjectConfigurationPlatforms) = postSolution
		{0D90B1C4-6B0C-4BE0-9C86-BA5FAE4A67EE}.Debug|Any CPU.ActiveCfg = Debug|Any CPU
		{0D90B1C4-6B0C-4BE0-9C86-BA5FAE4A67EE}.Debug|Any CPU.Build.0 = Debug|Any CPU
		{0D90B1C4-6B0C-4BE0-9C86-BA5FAE4A67EE}.Release|Any CPU.ActiveCfg = Release|Any CPU
		{0D90B1C4-6B0C-4BE0-9C86-BA5FAE4A67EE}.Release|Any CPU.Build.0 = Release|Any CPU
	EndGlobalSection
EndGlobal
